
Microsoft Visual Studio Solution File, Format Version 12.00
# Visual Studio Version 17
VisualStudioVersion = 17.11.35303.130
MinimumVisualStudioVersion = 10.0.40219.1
Project("{9A19103F-16F7-4668-BE54-9A1E7A4F7556}") = "HamedStack.PredicateBuilder", "HamedStack.PredicateBuilder\HamedStack.PredicateBuilder.csproj", "{61FBAC08-02C3-493B-BEE8-501B6AB654C7}"
EndProject
Project("{FAE04EC0-301F-11D3-BF4B-00C04F79EFBC}") = "HamedStack.PredicateBuilder.Serialization", "HamedStack.PredicateBuilder.Serialization\HamedStack.PredicateBuilder.Serialization.csproj", "{19B663D1-E15B-4E43-93CD-DBBA5E191240}"
EndProject
Global
	GlobalSection(SolutionConfigurationPlatforms) = preSolution
		Debug|Any CPU = Debug|Any CPU
		Release|Any CPU = Release|Any CPU
	EndGlobalSection
	GlobalSection(ProjectConfigurationPlatforms) = postSolution
		{61FBAC08-02C3-493B-BEE8-501B6AB654C7}.Debug|Any CPU.ActiveCfg = Debug|Any CPU
		{61FBAC08-02C3-493B-BEE8-501B6AB654C7}.Debug|Any CPU.Build.0 = Debug|Any CPU
		{61FBAC08-02C3-493B-BEE8-501B6AB654C7}.Release|Any CPU.ActiveCfg = Release|Any CPU
		{61FBAC08-02C3-493B-BEE8-501B6AB654C7}.Release|Any CPU.Build.0 = Release|Any CPU
		{19B663D1-E15B-4E43-93CD-DBBA5E191240}.Debug|Any CPU.ActiveCfg = Debug|Any CPU
		{19B663D1-E15B-4E43-93CD-DBBA5E191240}.Debug|Any CPU.Build.0 = Debug|Any CPU
		{19B663D1-E15B-4E43-93CD-DBBA5E191240}.Release|Any CPU.ActiveCfg = Release|Any CPU
		{19B663D1-E15B-4E43-93CD-DBBA5E191240}.Release|Any CPU.Build.0 = Release|Any CPU
	EndGlobalSection
	GlobalSection(SolutionProperties) = preSolution
		HideSolutionNode = FALSE
	EndGlobalSection
EndGlobal
